
Microsoft Visual Studio Solution File, Format Version 12.00
# Visual Studio Version 17
VisualStudioVersion = 17.14.36414.22 d17.14
MinimumVisualStudioVersion = 10.0.40219.1
Project("{FAE04EC0-301F-11D3-BF4B-00C04F79EFBC}") = "storegg", "storegg.csproj", "{832E3090-5133-46FF-9D45-F823BC711321}"
EndProject
Global
	GlobalSection(SolutionConfigurationPlatforms) = preSolution
		Debug|Any CPU = Debug|Any CPU
		Release|Any CPU = Release|Any CPU
	EndGlobalSection
	GlobalSection(ProjectConfigurationPlatforms) = postSolution
		{832E3090-5133-46FF-9D45-F823BC711321}.Debug|Any CPU.ActiveCfg = Debug|Any CPU
		{832E3090-5133-46FF-9D45-F823BC711321}.Debug|Any CPU.Build.0 = Debug|Any CPU
		{832E3090-5133-46FF-9D45-F823BC711321}.Release|Any CPU.ActiveCfg = Release|Any CPU
		{832E3090-5133-46FF-9D45-F823BC711321}.Release|Any CPU.Build.0 = Release|Any CPU
	EndGlobalSection
	GlobalSection(SolutionProperties) = preSolution
		HideSolutionNode = FALSE
	EndGlobalSection
	GlobalSection(ExtensibilityGlobals) = postSolution
		SolutionGuid = {ACC1BEFB-C765-4258-A484-4601C5168900}
	EndGlobalSection
EndGlobal
